
Microsoft Visual Studio Solution File, Format Version 12.00
# Visual Studio 15
VisualStudioVersion = 15.0.26430.16
MinimumVisualStudioVersion = 10.0.40219.1
Project("{FAE04EC0-301F-11D3-BF4B-00C04F79EFBC}") = "toofz.TestsShared", "toofz.TestsShared\toofz.TestsShared.csproj", "{2AFFA5E8-63A0-447F-86FA-39FB0D3998D7}"
EndProject
Project("{FAE04EC0-301F-11D3-BF4B-00C04F79EFBC}") = "toofz.TestsShared.Tests", "toofz.TestsShared.Tests\toofz.TestsShared.Tests.csproj", "{CC00687B-5A31-469D-8B53-2A4981CC9974}"
EndProject
Global
	GlobalSection(SolutionConfigurationPlatforms) = preSolution
		Debug|Any CPU = Debug|Any CPU
		Release|Any CPU = Release|Any CPU
	EndGlobalSection
	GlobalSection(ProjectConfigurationPlatforms) = postSolution
		{2AFFA5E8-63A0-447F-86FA-39FB0D3998D7}.Debug|Any CPU.ActiveCfg = Debug|Any CPU
		{2AFFA5E8-63A0-447F-86FA-39FB0D3998D7}.Debug|Any CPU.Build.0 = Debug|Any CPU
		{2AFFA5E8-63A0-447F-86FA-39FB0D3998D7}.Release|Any CPU.ActiveCfg = Release|Any CPU
		{2AFFA5E8-63A0-447F-86FA-39FB0D3998D7}.Release|Any CPU.Build.0 = Release|Any CPU
		{CC00687B-5A31-469D-8B53-2A4981CC9974}.Debug|Any CPU.ActiveCfg = Debug|Any CPU
		{CC00687B-5A31-469D-8B53-2A4981CC9974}.Debug|Any CPU.Build.0 = Debug|Any CPU
		{CC00687B-5A31-469D-8B53-2A4981CC9974}.Release|Any CPU.ActiveCfg = Release|Any CPU
		{CC00687B-5A31-469D-8B53-2A4981CC9974}.Release|Any CPU.Build.0 = Release|Any CPU
	EndGlobalSection
	GlobalSection(SolutionProperties) = preSolution
		HideSolutionNode = FALSE
	EndGlobalSection
EndGlobal
